# This file is automatically @generated by Cargo.
# It is not intended for manual editing.
version = 4

[[package]]
name = "checker"
version = "0.1.0"

[[package]]
name = "cli"
version = "0.1.0"
dependencies = [
 "checker",
 "sim",
]

[[package]]
name = "raft-core"
version = "0.1.0"

[[package]]
name = "sim"
version = "0.1.0"
dependencies = [
 "checker",
 "raft-core",
]
